<Solution>
  <Project Path="InvestTrack.Api/InvestTrack.Api.csproj" />
  <Project Path="InvestTrack.Application.Tests/InvestTrack.Application.Tests.csproj" />
  <Project Path="InvestTrack.Application/InvestTrack.Application.csproj" />
  <Project Path="InvestTrack.Domain.Tests/InvestTrack.Domain.Tests.csproj" />
  <Project Path="InvestTrack.Domain/InvestTrack.Domain.csproj" />
  <Project Path="InvestTrack.Infrastructure/InvestTrack.Infrastructure.csproj" />
</Solution>
